{"filter":false,"title":"package-lock.json","tooltip":"/node/mchee01-npm-deploy/package-lock.json","undoManager":{"mark":-1,"position":-1,"stack":[]},"ace":{"folds":[],"scrolltop":0,"scrollleft":0,"selection":{"start":{"row":0,"column":0},"end":{"row":0,"column":0},"isBackwards":true},"options":{"guessTabSize":true,"useWrapMode":false,"wrapToView":true},"firstLineState":0},"timestamp":1670545809877,"hash":"9b1fb0ab2ae396352c2d12359a9269ac62808909"}